
Microsoft Visual Studio Solution File, Format Version 12.00
# Visual Studio 14
VisualStudioVersion = 14.0.25420.1
MinimumVisualStudioVersion = 10.0.40219.1
Project("{FAE04EC0-301F-11D3-BF4B-00C04F79EFBC}") = "HangfireDemo", "HangfireDemo\HangfireDemo.csproj", "{8D658292-B1A8-4D33-B8B3-D607D353F172}"
EndProject
Project("{FAE04EC0-301F-11D3-BF4B-00C04F79EFBC}") = "HangfireWeb", "HangfireWeb\HangfireWeb.csproj", "{29B6464E-3A94-47B0-A8CB-F769F579955C}"
EndProject
Project("{FAE04EC0-301F-11D3-BF4B-00C04F79EFBC}") = "HangfireJobs", "HangfireJobs\HangfireJobs.csproj", "{FE53F0F7-7453-4D53-AAD7-402CC1ADE2FD}"
EndProject
Global
	GlobalSection(SolutionConfigurationPlatforms) = preSolution
		Debug|Any CPU = Debug|Any CPU
		Release|Any CPU = Release|Any CPU
	EndGlobalSection
	GlobalSection(ProjectConfigurationPlatforms) = postSolution
		{8D658292-B1A8-4D33-B8B3-D607D353F172}.Debug|Any CPU.ActiveCfg = Debug|Any CPU
		{8D658292-B1A8-4D33-B8B3-D607D353F172}.Debug|Any CPU.Build.0 = Debug|Any CPU
		{8D658292-B1A8-4D33-B8B3-D607D353F172}.Release|Any CPU.ActiveCfg = Release|Any CPU
		{8D658292-B1A8-4D33-B8B3-D607D353F172}.Release|Any CPU.Build.0 = Release|Any CPU
		{29B6464E-3A94-47B0-A8CB-F769F579955C}.Debug|Any CPU.ActiveCfg = Debug|Any CPU
		{29B6464E-3A94-47B0-A8CB-F769F579955C}.Debug|Any CPU.Build.0 = Debug|Any CPU
		{29B6464E-3A94-47B0-A8CB-F769F579955C}.Release|Any CPU.ActiveCfg = Release|Any CPU
		{29B6464E-3A94-47B0-A8CB-F769F579955C}.Release|Any CPU.Build.0 = Release|Any CPU
		{FE53F0F7-7453-4D53-AAD7-402CC1ADE2FD}.Debug|Any CPU.ActiveCfg = Debug|Any CPU
		{FE53F0F7-7453-4D53-AAD7-402CC1ADE2FD}.Debug|Any CPU.Build.0 = Debug|Any CPU
		{FE53F0F7-7453-4D53-AAD7-402CC1ADE2FD}.Release|Any CPU.ActiveCfg = Release|Any CPU
		{FE53F0F7-7453-4D53-AAD7-402CC1ADE2FD}.Release|Any CPU.Build.0 = Release|Any CPU
	EndGlobalSection
	GlobalSection(SolutionProperties) = preSolution
		HideSolutionNode = FALSE
	EndGlobalSection
EndGlobal
